
Microsoft Visual Studio Solution File, Format Version 12.00
# Visual Studio Version 17
VisualStudioVersion = 17.10.34825.169
MinimumVisualStudioVersion = 10.0.40219.1
Project("{2150E333-8FDC-42A3-9474-1A3956D46DE8}") = "Core", "Core", "{24D79AFC-BEA3-4C72-8E91-F5E841A03C12}"
EndProject
Project("{9A19103F-16F7-4668-BE54-9A1E7A4F7556}") = "Weather.Application", "Weather.Application\Weather.Application.csproj", "{A21A6CF3-1DF2-4040-A782-0DD1E1C93A2F}"
EndProject
Project("{9A19103F-16F7-4668-BE54-9A1E7A4F7556}") = "Weather.Domain", "Weather.Domain\Weather.Domain.csproj", "{DB16F0D0-12AC-4BF8-B7D0-EBB4E5CF123E}"
EndProject
Project("{2150E333-8FDC-42A3-9474-1A3956D46DE8}") = "WebApi", "WebApi", "{774B7878-8897-4285-BDED-396BBEFE3BE6}"
EndProject
Project("{9A19103F-16F7-4668-BE54-9A1E7A4F7556}") = "Weather.WebApi", "Weather.WebApi\Weather.WebApi.csproj", "{1B157BBC-76DC-41C8-9A98-C4924D956907}"
EndProject
Project("{2150E333-8FDC-42A3-9474-1A3956D46DE8}") = "Infra", "Infra", "{25D8CEE3-5F7C-4ABF-AE2B-E4D98E5940AF}"
EndProject
Project("{9A19103F-16F7-4668-BE54-9A1E7A4F7556}") = "Weather.CrossCutting.IoC", "Weather.CrossCutting.IoC\Weather.CrossCutting.IoC.csproj", "{0A6115E6-9624-401F-A5BB-2C19335E0AB6}"
EndProject
Project("{E53339B2-1760-4266-BCC7-CA923CBCF16C}") = "docker-compose", "docker-compose.dcproj", "{C05BF487-124E-4375-99FE-359AE38C86D0}"
EndProject
Project("{9A19103F-16F7-4668-BE54-9A1E7A4F7556}") = "Weather.Redis", "Weather.Redis\Weather.Redis.csproj", "{30C437B1-9968-4579-8741-498E7402D0F5}"
EndProject
Project("{9A19103F-16F7-4668-BE54-9A1E7A4F7556}") = "Weather.CountriesClient", "Weather.CountriesClient\Weather.CountriesClient.csproj", "{841F8D82-6FE1-4AEF-917D-F20765D64DA7}"
EndProject
Project("{9A19103F-16F7-4668-BE54-9A1E7A4F7556}") = "Weather.BaseClient", "Weather.BaseClient\Weather.BaseClient.csproj", "{F6FD8F25-97A5-41CC-8FE0-1C01715C2F7D}"
EndProject
Project("{FAE04EC0-301F-11D3-BF4B-00C04F79EFBC}") = "Weather.DataAccess", "Weather.DataAccess\Weather.DataAccess.csproj", "{C920D162-B366-4A68-B4FD-6D8DC291472D}"
EndProject
Global
	GlobalSection(SolutionConfigurationPlatforms) = preSolution
		Debug|Any CPU = Debug|Any CPU
		Release|Any CPU = Release|Any CPU
	EndGlobalSection
	GlobalSection(ProjectConfigurationPlatforms) = postSolution
		{A21A6CF3-1DF2-4040-A782-0DD1E1C93A2F}.Debug|Any CPU.ActiveCfg = Debug|Any CPU
		{A21A6CF3-1DF2-4040-A782-0DD1E1C93A2F}.Debug|Any CPU.Build.0 = Debug|Any CPU
		{A21A6CF3-1DF2-4040-A782-0DD1E1C93A2F}.Release|Any CPU.ActiveCfg = Release|Any CPU
		{A21A6CF3-1DF2-4040-A782-0DD1E1C93A2F}.Release|Any CPU.Build.0 = Release|Any CPU
		{DB16F0D0-12AC-4BF8-B7D0-EBB4E5CF123E}.Debug|Any CPU.ActiveCfg = Debug|Any CPU
		{DB16F0D0-12AC-4BF8-B7D0-EBB4E5CF123E}.Debug|Any CPU.Build.0 = Debug|Any CPU
		{DB16F0D0-12AC-4BF8-B7D0-EBB4E5CF123E}.Release|Any CPU.ActiveCfg = Release|Any CPU
		{DB16F0D0-12AC-4BF8-B7D0-EBB4E5CF123E}.Release|Any CPU.Build.0 = Release|Any CPU
		{1B157BBC-76DC-41C8-9A98-C4924D956907}.Debug|Any CPU.ActiveCfg = Debug|Any CPU
		{1B157BBC-76DC-41C8-9A98-C4924D956907}.Debug|Any CPU.Build.0 = Debug|Any CPU
		{1B157BBC-76DC-41C8-9A98-C4924D956907}.Release|Any CPU.ActiveCfg = Release|Any CPU
		{1B157BBC-76DC-41C8-9A98-C4924D956907}.Release|Any CPU.Build.0 = Release|Any CPU
		{0A6115E6-9624-401F-A5BB-2C19335E0AB6}.Debug|Any CPU.ActiveCfg = Debug|Any CPU
		{0A6115E6-9624-401F-A5BB-2C19335E0AB6}.Debug|Any CPU.Build.0 = Debug|Any CPU
		{0A6115E6-9624-401F-A5BB-2C19335E0AB6}.Release|Any CPU.ActiveCfg = Release|Any CPU
		{0A6115E6-9624-401F-A5BB-2C19335E0AB6}.Release|Any CPU.Build.0 = Release|Any CPU
		{C05BF487-124E-4375-99FE-359AE38C86D0}.Debug|Any CPU.ActiveCfg = Debug|Any CPU
		{C05BF487-124E-4375-99FE-359AE38C86D0}.Debug|Any CPU.Build.0 = Debug|Any CPU
		{C05BF487-124E-4375-99FE-359AE38C86D0}.Release|Any CPU.ActiveCfg = Release|Any CPU
		{C05BF487-124E-4375-99FE-359AE38C86D0}.Release|Any CPU.Build.0 = Release|Any CPU
		{30C437B1-9968-4579-8741-498E7402D0F5}.Debug|Any CPU.ActiveCfg = Debug|Any CPU
		{30C437B1-9968-4579-8741-498E7402D0F5}.Debug|Any CPU.Build.0 = Debug|Any CPU
		{30C437B1-9968-4579-8741-498E7402D0F5}.Release|Any CPU.ActiveCfg = Release|Any CPU
		{30C437B1-9968-4579-8741-498E7402D0F5}.Release|Any CPU.Build.0 = Release|Any CPU
		{841F8D82-6FE1-4AEF-917D-F20765D64DA7}.Debug|Any CPU.ActiveCfg = Debug|Any CPU
		{841F8D82-6FE1-4AEF-917D-F20765D64DA7}.Debug|Any CPU.Build.0 = Debug|Any CPU
		{841F8D82-6FE1-4AEF-917D-F20765D64DA7}.Release|Any CPU.ActiveCfg = Release|Any CPU
		{841F8D82-6FE1-4AEF-917D-F20765D64DA7}.Release|Any CPU.Build.0 = Release|Any CPU
		{F6FD8F25-97A5-41CC-8FE0-1C01715C2F7D}.Debug|Any CPU.ActiveCfg = Debug|Any CPU
		{F6FD8F25-97A5-41CC-8FE0-1C01715C2F7D}.Debug|Any CPU.Build.0 = Debug|Any CPU
		{F6FD8F25-97A5-41CC-8FE0-1C01715C2F7D}.Release|Any CPU.ActiveCfg = Release|Any CPU
		{F6FD8F25-97A5-41CC-8FE0-1C01715C2F7D}.Release|Any CPU.Build.0 = Release|Any CPU
		{C920D162-B366-4A68-B4FD-6D8DC291472D}.Debug|Any CPU.ActiveCfg = Debug|Any CPU
		{C920D162-B366-4A68-B4FD-6D8DC291472D}.Debug|Any CPU.Build.0 = Debug|Any CPU
		{C920D162-B366-4A68-B4FD-6D8DC291472D}.Release|Any CPU.ActiveCfg = Release|Any CPU
		{C920D162-B366-4A68-B4FD-6D8DC291472D}.Release|Any CPU.Build.0 = Release|Any CPU
	EndGlobalSection
	GlobalSection(SolutionProperties) = preSolution
		HideSolutionNode = FALSE
	EndGlobalSection
	GlobalSection(NestedProjects) = preSolution
		{A21A6CF3-1DF2-4040-A782-0DD1E1C93A2F} = {24D79AFC-BEA3-4C72-8E91-F5E841A03C12}
		{DB16F0D0-12AC-4BF8-B7D0-EBB4E5CF123E} = {24D79AFC-BEA3-4C72-8E91-F5E841A03C12}
		{1B157BBC-76DC-41C8-9A98-C4924D956907} = {774B7878-8897-4285-BDED-396BBEFE3BE6}
		{0A6115E6-9624-401F-A5BB-2C19335E0AB6} = {25D8CEE3-5F7C-4ABF-AE2B-E4D98E5940AF}
		{30C437B1-9968-4579-8741-498E7402D0F5} = {25D8CEE3-5F7C-4ABF-AE2B-E4D98E5940AF}
		{841F8D82-6FE1-4AEF-917D-F20765D64DA7} = {25D8CEE3-5F7C-4ABF-AE2B-E4D98E5940AF}
		{F6FD8F25-97A5-41CC-8FE0-1C01715C2F7D} = {25D8CEE3-5F7C-4ABF-AE2B-E4D98E5940AF}
		{C920D162-B366-4A68-B4FD-6D8DC291472D} = {25D8CEE3-5F7C-4ABF-AE2B-E4D98E5940AF}
	EndGlobalSection
	GlobalSection(ExtensibilityGlobals) = postSolution
		SolutionGuid = {5096EF98-5271-4B4B-8853-BFF7EF2A14BD}
	EndGlobalSection
EndGlobal
